
Microsoft Visual Studio Solution File, Format Version 12.00
# Visual Studio Version 17
VisualStudioVersion = 17.0.31912.275
MinimumVisualStudioVersion = 10.0.40219.1
Project("{9092AA53-FB77-4645-B42D-1CCCA6BD08BD}") = "arduiNode", "arduiNode.njsproj", "{2280FA69-1428-42E3-A4BD-0F2B81123E0C}"
EndProject
Global
	GlobalSection(SolutionConfigurationPlatforms) = preSolution
		Debug|Any CPU = Debug|Any CPU
		Release|Any CPU = Release|Any CPU
	EndGlobalSection
	GlobalSection(ProjectConfigurationPlatforms) = postSolution
		{2280FA69-1428-42E3-A4BD-0F2B81123E0C}.Debug|Any CPU.ActiveCfg = Debug|Any CPU
		{2280FA69-1428-42E3-A4BD-0F2B81123E0C}.Debug|Any CPU.Build.0 = Debug|Any CPU
		{2280FA69-1428-42E3-A4BD-0F2B81123E0C}.Release|Any CPU.ActiveCfg = Release|Any CPU
		{2280FA69-1428-42E3-A4BD-0F2B81123E0C}.Release|Any CPU.Build.0 = Release|Any CPU
	EndGlobalSection
	GlobalSection(SolutionProperties) = preSolution
		HideSolutionNode = FALSE
	EndGlobalSection
	GlobalSection(ExtensibilityGlobals) = postSolution
		SolutionGuid = {4209E3D2-99CE-440C-9237-27F045CE9D67}
	EndGlobalSection
EndGlobal
